
Microsoft Visual Studio Solution File, Format Version 12.00
Project("{FAE04EC0-301F-11D3-BF4B-00C04F79EFBC}") = "NeKanban.Api", "NeKanban.Api\NeKanban.Api.csproj", "{CB718FB5-8747-4403-9E2A-6C9228A7FFE1}"
EndProject
Project("{2150E333-8FDC-42A3-9474-1A3956D46DE8}") = "Web", "Web", "{09518C3E-AB48-4CE3-8952-2AD896FCE391}"
EndProject
Project("{2150E333-8FDC-42A3-9474-1A3956D46DE8}") = "Data", "Data", "{958D6F38-4F7A-4A0C-9E46-0C8F4B9B5E34}"
EndProject
Project("{2150E333-8FDC-42A3-9474-1A3956D46DE8}") = "Libs", "Libs", "{FB0E4088-A067-42FC-8CDD-34F98B341E5B}"
EndProject
Project("{FAE04EC0-301F-11D3-BF4B-00C04F79EFBC}") = "NeKanban.Logic", "NeKanban.Logic\NeKanban.Logic.csproj", "{63329343-3495-48C8-A48A-0586CE962C63}"
EndProject
Project("{FAE04EC0-301F-11D3-BF4B-00C04F79EFBC}") = "NeKanban.Security", "NeKanban.Security\NeKanban.Security.csproj", "{C5BECC7B-9601-4C89-A496-4E9C4BBE5F9B}"
EndProject
Project("{FAE04EC0-301F-11D3-BF4B-00C04F79EFBC}") = "NeKanban.Data", "NeKanban.Data\NeKanban.Data.csproj", "{D85D535A-B16D-4530-BF57-898D15135CFE}"
EndProject
Project("{FAE04EC0-301F-11D3-BF4B-00C04F79EFBC}") = "NeKanban.FrameworkExceptions", "NeKanban.FrameworkExceptions\NeKanban.FrameworkExceptions.csproj", "{2301B66D-7ADF-4B2F-9735-5FB63C825D44}"
EndProject
Project("{2150E333-8FDC-42A3-9474-1A3956D46DE8}") = "Common", "Common", "{3DB4CF22-A1D8-40BD-A3E6-4B5ACB17B851}"
EndProject
Project("{FAE04EC0-301F-11D3-BF4B-00C04F79EFBC}") = "NeKanban.Common", "NeKanban.Common\NeKanban.Common.csproj", "{0B546E89-572C-4A8B-9AA1-793C7247D6AF}"
EndProject
Global
	GlobalSection(SolutionConfigurationPlatforms) = preSolution
		Debug|Any CPU = Debug|Any CPU
		Release|Any CPU = Release|Any CPU
	EndGlobalSection
	GlobalSection(ProjectConfigurationPlatforms) = postSolution
		{CB718FB5-8747-4403-9E2A-6C9228A7FFE1}.Debug|Any CPU.ActiveCfg = Debug|Any CPU
		{CB718FB5-8747-4403-9E2A-6C9228A7FFE1}.Debug|Any CPU.Build.0 = Debug|Any CPU
		{CB718FB5-8747-4403-9E2A-6C9228A7FFE1}.Release|Any CPU.ActiveCfg = Release|Any CPU
		{CB718FB5-8747-4403-9E2A-6C9228A7FFE1}.Release|Any CPU.Build.0 = Release|Any CPU
		{63329343-3495-48C8-A48A-0586CE962C63}.Debug|Any CPU.ActiveCfg = Debug|Any CPU
		{63329343-3495-48C8-A48A-0586CE962C63}.Debug|Any CPU.Build.0 = Debug|Any CPU
		{63329343-3495-48C8-A48A-0586CE962C63}.Release|Any CPU.ActiveCfg = Release|Any CPU
		{63329343-3495-48C8-A48A-0586CE962C63}.Release|Any CPU.Build.0 = Release|Any CPU
		{C5BECC7B-9601-4C89-A496-4E9C4BBE5F9B}.Debug|Any CPU.ActiveCfg = Debug|Any CPU
		{C5BECC7B-9601-4C89-A496-4E9C4BBE5F9B}.Debug|Any CPU.Build.0 = Debug|Any CPU
		{C5BECC7B-9601-4C89-A496-4E9C4BBE5F9B}.Release|Any CPU.ActiveCfg = Release|Any CPU
		{C5BECC7B-9601-4C89-A496-4E9C4BBE5F9B}.Release|Any CPU.Build.0 = Release|Any CPU
		{D85D535A-B16D-4530-BF57-898D15135CFE}.Debug|Any CPU.ActiveCfg = Debug|Any CPU
		{D85D535A-B16D-4530-BF57-898D15135CFE}.Debug|Any CPU.Build.0 = Debug|Any CPU
		{D85D535A-B16D-4530-BF57-898D15135CFE}.Release|Any CPU.ActiveCfg = Release|Any CPU
		{D85D535A-B16D-4530-BF57-898D15135CFE}.Release|Any CPU.Build.0 = Release|Any CPU
		{2301B66D-7ADF-4B2F-9735-5FB63C825D44}.Debug|Any CPU.ActiveCfg = Debug|Any CPU
		{2301B66D-7ADF-4B2F-9735-5FB63C825D44}.Debug|Any CPU.Build.0 = Debug|Any CPU
		{2301B66D-7ADF-4B2F-9735-5FB63C825D44}.Release|Any CPU.ActiveCfg = Release|Any CPU
		{2301B66D-7ADF-4B2F-9735-5FB63C825D44}.Release|Any CPU.Build.0 = Release|Any CPU
		{0B546E89-572C-4A8B-9AA1-793C7247D6AF}.Debug|Any CPU.ActiveCfg = Debug|Any CPU
		{0B546E89-572C-4A8B-9AA1-793C7247D6AF}.Debug|Any CPU.Build.0 = Debug|Any CPU
		{0B546E89-572C-4A8B-9AA1-793C7247D6AF}.Release|Any CPU.ActiveCfg = Release|Any CPU
		{0B546E89-572C-4A8B-9AA1-793C7247D6AF}.Release|Any CPU.Build.0 = Release|Any CPU
	EndGlobalSection
	GlobalSection(NestedProjects) = preSolution
		{63329343-3495-48C8-A48A-0586CE962C63} = {FB0E4088-A067-42FC-8CDD-34F98B341E5B}
		{CB718FB5-8747-4403-9E2A-6C9228A7FFE1} = {09518C3E-AB48-4CE3-8952-2AD896FCE391}
		{C5BECC7B-9601-4C89-A496-4E9C4BBE5F9B} = {FB0E4088-A067-42FC-8CDD-34F98B341E5B}
		{D85D535A-B16D-4530-BF57-898D15135CFE} = {958D6F38-4F7A-4A0C-9E46-0C8F4B9B5E34}
		{2301B66D-7ADF-4B2F-9735-5FB63C825D44} = {09518C3E-AB48-4CE3-8952-2AD896FCE391}
		{0B546E89-572C-4A8B-9AA1-793C7247D6AF} = {3DB4CF22-A1D8-40BD-A3E6-4B5ACB17B851}
	EndGlobalSection
EndGlobal
